
Microsoft Visual Studio Solution File, Format Version 12.00
# Visual Studio 2013
VisualStudioVersion = 12.0.31101.0
MinimumVisualStudioVersion = 10.0.40219.1
Project("{FAE04EC0-301F-11D3-BF4B-00C04F79EFBC}") = "LIB_PushMonitoring", "LIB_PushMonitoring\LIB_PushMonitoring.csproj", "{CDB5C554-A67D-4803-916E-EF007B723E83}"
EndProject
Project("{FAE04EC0-301F-11D3-BF4B-00C04F79EFBC}") = "CMD_PushMonitoring", "CMD_PushMonitoring\CMD_PushMonitoring.csproj", "{8BA44AB5-E15F-4374-9C80-9D5A8BFA993F}"
EndProject
Global
	GlobalSection(SolutionConfigurationPlatforms) = preSolution
		Debug|Any CPU = Debug|Any CPU
		Release|Any CPU = Release|Any CPU
	EndGlobalSection
	GlobalSection(ProjectConfigurationPlatforms) = postSolution
		{CDB5C554-A67D-4803-916E-EF007B723E83}.Debug|Any CPU.ActiveCfg = Debug|Any CPU
		{CDB5C554-A67D-4803-916E-EF007B723E83}.Debug|Any CPU.Build.0 = Debug|Any CPU
		{CDB5C554-A67D-4803-916E-EF007B723E83}.Release|Any CPU.ActiveCfg = Release|Any CPU
		{CDB5C554-A67D-4803-916E-EF007B723E83}.Release|Any CPU.Build.0 = Release|Any CPU
		{8BA44AB5-E15F-4374-9C80-9D5A8BFA993F}.Debug|Any CPU.ActiveCfg = Debug|Any CPU
		{8BA44AB5-E15F-4374-9C80-9D5A8BFA993F}.Debug|Any CPU.Build.0 = Debug|Any CPU
		{8BA44AB5-E15F-4374-9C80-9D5A8BFA993F}.Release|Any CPU.ActiveCfg = Release|Any CPU
		{8BA44AB5-E15F-4374-9C80-9D5A8BFA993F}.Release|Any CPU.Build.0 = Release|Any CPU
	EndGlobalSection
	GlobalSection(SolutionProperties) = preSolution
		HideSolutionNode = FALSE
	EndGlobalSection
EndGlobal
